
Microsoft Visual Studio Solution File, Format Version 12.00
# Visual Studio Version 17
VisualStudioVersion = 17.1.32328.378
MinimumVisualStudioVersion = 10.0.40219.1
Project("{FAE04EC0-301F-11D3-BF4B-00C04F79EFBC}") = "ConsoleApp_FirstApp", "ConsoleApp_FirstApp.csproj", "{7819AA7B-0F6C-4A93-88C9-40AC5F53751B}"
EndProject
Global
	GlobalSection(SolutionConfigurationPlatforms) = preSolution
		Debug|Any CPU = Debug|Any CPU
		Release|Any CPU = Release|Any CPU
	EndGlobalSection
	GlobalSection(ProjectConfigurationPlatforms) = postSolution
		{7819AA7B-0F6C-4A93-88C9-40AC5F53751B}.Debug|Any CPU.ActiveCfg = Debug|Any CPU
		{7819AA7B-0F6C-4A93-88C9-40AC5F53751B}.Debug|Any CPU.Build.0 = Debug|Any CPU
		{7819AA7B-0F6C-4A93-88C9-40AC5F53751B}.Release|Any CPU.ActiveCfg = Release|Any CPU
		{7819AA7B-0F6C-4A93-88C9-40AC5F53751B}.Release|Any CPU.Build.0 = Release|Any CPU
	EndGlobalSection
	GlobalSection(SolutionProperties) = preSolution
		HideSolutionNode = FALSE
	EndGlobalSection
	GlobalSection(ExtensibilityGlobals) = postSolution
		SolutionGuid = {D563E32D-5849-4BC9-8374-2E0999874918}
	EndGlobalSection
EndGlobal
